
Microsoft Visual Studio Solution File, Format Version 12.00
# Visual Studio 15
Project("{FAE04EC0-301F-11D3-BF4B-00C04F79EFBC}") = "UnityEngine.UI", "UnityEngine.UI.csproj", "{36D4C210-740C-FE2B-FA7F-B7D960A1001B}"
EndProject
Project("{FAE04EC0-301F-11D3-BF4B-00C04F79EFBC}") = "UnityEngine.TestRunner", "UnityEngine.TestRunner.csproj", "{A2AF22FD-B32F-CB97-50B2-3D8E9F60041D}"
EndProject
Project("{FAE04EC0-301F-11D3-BF4B-00C04F79EFBC}") = "Unity.Mathematics", "Unity.Mathematics.csproj", "{A9EF17DA-36E7-D286-64DC-85102CB887AA}"
EndProject
Project("{FAE04EC0-301F-11D3-BF4B-00C04F79EFBC}") = "Unity.2D.Animation.Triangle.Runtime", "Unity.2D.Animation.Triangle.Runtime.csproj", "{0542C4FA-E227-925E-3FD5-171081771FBD}"
EndProject
Project("{FAE04EC0-301F-11D3-BF4B-00C04F79EFBC}") = "Unity.Timeline", "Unity.Timeline.csproj", "{F88F240F-E7DC-FE34-CF40-1B773616CC86}"
EndProject
Project("{FAE04EC0-301F-11D3-BF4B-00C04F79EFBC}") = "Assembly-CSharp", "Assembly-CSharp.csproj", "{A9F9BC29-9E12-E765-EB10-176BB280AF73}"
EndProject
Project("{FAE04EC0-301F-11D3-BF4B-00C04F79EFBC}") = "Unity.TextMeshPro", "Unity.TextMeshPro.csproj", "{F96A3F3C-35C5-06B4-B215-DD55A1891FFC}"
EndProject
Project("{FAE04EC0-301F-11D3-BF4B-00C04F79EFBC}") = "Unity.2D.Animation.Runtime", "Unity.2D.Animation.Runtime.csproj", "{AB7C6F85-7A13-781C-2486-B6FFB9AA175E}"
EndProject
Project("{FAE04EC0-301F-11D3-BF4B-00C04F79EFBC}") = "Unity.2D.IK.Runtime", "Unity.2D.IK.Runtime.csproj", "{C941D007-FCA0-1537-912A-8B994A5722F2}"
EndProject
Project("{FAE04EC0-301F-11D3-BF4B-00C04F79EFBC}") = "Unity.2D.SpriteShape.Runtime", "Unity.2D.SpriteShape.Runtime.csproj", "{F40D0183-AE3B-9477-F779-014C2450213C}"
EndProject
Project("{FAE04EC0-301F-11D3-BF4B-00C04F79EFBC}") = "Unity.2D.PixelPerfect", "Unity.2D.PixelPerfect.csproj", "{1BD572A1-32F8-DF71-BE40-9D735BCF7B5F}"
EndProject
Project("{FAE04EC0-301F-11D3-BF4B-00C04F79EFBC}") = "Unity.2D.Common.Runtime", "Unity.2D.Common.Runtime.csproj", "{32B10288-6B2B-EEFA-6260-3750CBF27922}"
EndProject
Project("{FAE04EC0-301F-11D3-BF4B-00C04F79EFBC}") = "Unity.InternalAPIEngineBridge.001", "Unity.InternalAPIEngineBridge.001.csproj", "{85BB5DB9-54D2-C980-DE9E-B58242904CD5}"
EndProject
Project("{FAE04EC0-301F-11D3-BF4B-00C04F79EFBC}") = "UnityEditor.TestRunner", "UnityEditor.TestRunner.csproj", "{02D10C2F-8BE1-B332-520B-7740671943C5}"
EndProject
Project("{FAE04EC0-301F-11D3-BF4B-00C04F79EFBC}") = "UnityEditor.UI", "UnityEditor.UI.csproj", "{0E095513-5B80-6960-AD7F-AF21802A3529}"
EndProject
Project("{FAE04EC0-301F-11D3-BF4B-00C04F79EFBC}") = "Unity.Timeline.Editor", "Unity.Timeline.Editor.csproj", "{21A57A63-A6F9-5898-5601-2464668356F0}"
EndProject
Project("{FAE04EC0-301F-11D3-BF4B-00C04F79EFBC}") = "Unity.VisualStudio.Editor", "Unity.VisualStudio.Editor.csproj", "{AEA67F33-5A2F-FCF8-6BA6-051138490920}"
EndProject
Project("{FAE04EC0-301F-11D3-BF4B-00C04F79EFBC}") = "Unity.2D.Psdimporter.Editor", "Unity.2D.Psdimporter.Editor.csproj", "{4C05BF0D-B044-D1D1-E5FC-8EB89936F5B9}"
EndProject
Project("{FAE04EC0-301F-11D3-BF4B-00C04F79EFBC}") = "Unity.2D.Animation.Editor", "Unity.2D.Animation.Editor.csproj", "{3E2C0BF4-0EFC-2909-EA07-96EC854F228B}"
EndProject
Project("{FAE04EC0-301F-11D3-BF4B-00C04F79EFBC}") = "Unity.TextMeshPro.Editor", "Unity.TextMeshPro.Editor.csproj", "{DC59D2EB-1AF9-B2BF-6F38-381829C0CB4F}"
EndProject
Project("{FAE04EC0-301F-11D3-BF4B-00C04F79EFBC}") = "Unity.2D.SpriteShape.Editor", "Unity.2D.SpriteShape.Editor.csproj", "{9249AFE1-2569-9F37-4CF8-65CFACA05E2C}"
EndProject
Project("{FAE04EC0-301F-11D3-BF4B-00C04F79EFBC}") = "Unity.CollabProxy.Editor", "Unity.CollabProxy.Editor.csproj", "{27EDD211-73A6-8CF7-3837-19E38D86CC6C}"
EndProject
Project("{FAE04EC0-301F-11D3-BF4B-00C04F79EFBC}") = "PsdPlugin", "PsdPlugin.csproj", "{939E6115-8842-AE8D-C210-744EAF9E56E0}"
EndProject
Project("{FAE04EC0-301F-11D3-BF4B-00C04F79EFBC}") = "Unity.2D.Path.Editor", "Unity.2D.Path.Editor.csproj", "{3F0F37DA-40C7-70E3-EC45-633FAA22F895}"
EndProject
Project("{FAE04EC0-301F-11D3-BF4B-00C04F79EFBC}") = "Unity.Rider.Editor", "Unity.Rider.Editor.csproj", "{3F4850C7-7F76-68AE-3826-B37B58CD138C}"
EndProject
Project("{FAE04EC0-301F-11D3-BF4B-00C04F79EFBC}") = "Unity.2D.IK.Editor", "Unity.2D.IK.Editor.csproj", "{8DD74CB0-BFD9-40BC-6688-E01F98DF7512}"
EndProject
Project("{FAE04EC0-301F-11D3-BF4B-00C04F79EFBC}") = "Unity.2D.Sprite.Editor", "Unity.2D.Sprite.Editor.csproj", "{B9C81A31-73A0-998D-36F8-47FCA691CEB7}"
EndProject
Project("{FAE04EC0-301F-11D3-BF4B-00C04F79EFBC}") = "Unity.2D.Tilemap.Editor", "Unity.2D.Tilemap.Editor.csproj", "{9BB77E47-B316-14A3-42B0-F173D4EBD757}"
EndProject
Project("{FAE04EC0-301F-11D3-BF4B-00C04F79EFBC}") = "Unity.2D.PixelPerfect.Editor", "Unity.2D.PixelPerfect.Editor.csproj", "{A250DB74-3D1D-50DE-3295-2A29D2EB7868}"
EndProject
Project("{FAE04EC0-301F-11D3-BF4B-00C04F79EFBC}") = "Unity.VSCode.Editor", "Unity.VSCode.Editor.csproj", "{EED161FB-BFE5-810E-5ED4-07233E89E7F7}"
EndProject
Project("{FAE04EC0-301F-11D3-BF4B-00C04F79EFBC}") = "Unity.2D.Common.Editor", "Unity.2D.Common.Editor.csproj", "{0A87E498-9861-9824-63B6-93E21DAE605D}"
EndProject
Project("{FAE04EC0-301F-11D3-BF4B-00C04F79EFBC}") = "Unity.Mathematics.Editor", "Unity.Mathematics.Editor.csproj", "{ECEB55D1-427B-1262-FF3E-8757CEB61DE5}"
EndProject
Project("{FAE04EC0-301F-11D3-BF4B-00C04F79EFBC}") = "Unity.InternalAPIEditorBridge.001", "Unity.InternalAPIEditorBridge.001.csproj", "{CCEC1BE4-C625-42DB-A3AD-C46941041262}"
EndProject
Project("{FAE04EC0-301F-11D3-BF4B-00C04F79EFBC}") = "UnityEngine.UI", "UnityEngine.UI.Player.csproj", "{06939967-C486-E630-E2FC-18ECF1CA38C3}"
EndProject
Project("{FAE04EC0-301F-11D3-BF4B-00C04F79EFBC}") = "UnityEngine.TestRunner", "UnityEngine.TestRunner.Player.csproj", "{AF434957-C714-BFE2-8337-DFF99A8A665B}"
EndProject
Project("{FAE04EC0-301F-11D3-BF4B-00C04F79EFBC}") = "Unity.Mathematics", "Unity.Mathematics.Player.csproj", "{DE7EEFB7-EE8C-3B57-C362-C644264208ED}"
EndProject
Project("{FAE04EC0-301F-11D3-BF4B-00C04F79EFBC}") = "Unity.2D.Animation.Triangle.Runtime", "Unity.2D.Animation.Triangle.Runtime.Player.csproj", "{58BE7FDF-07F1-BCC9-E17F-4C1DACDBC4D0}"
EndProject
Project("{FAE04EC0-301F-11D3-BF4B-00C04F79EFBC}") = "Unity.Timeline", "Unity.Timeline.Player.csproj", "{AA1E58C3-21BB-5FB0-9D62-EEE2284A7B9F}"
EndProject
Project("{FAE04EC0-301F-11D3-BF4B-00C04F79EFBC}") = "Assembly-CSharp", "Assembly-CSharp.Player.csproj", "{1CE52608-7EE5-336E-B754-2EA464DBE56D}"
EndProject
Project("{FAE04EC0-301F-11D3-BF4B-00C04F79EFBC}") = "Unity.TextMeshPro", "Unity.TextMeshPro.Player.csproj", "{749F8866-9122-E470-56BE-ACAC69409524}"
EndProject
Project("{FAE04EC0-301F-11D3-BF4B-00C04F79EFBC}") = "Unity.2D.Animation.Runtime", "Unity.2D.Animation.Runtime.Player.csproj", "{AE477C2B-6371-9FF8-DBCA-F2E47AE19D88}"
EndProject
Project("{FAE04EC0-301F-11D3-BF4B-00C04F79EFBC}") = "Unity.2D.IK.Runtime", "Unity.2D.IK.Runtime.Player.csproj", "{777ED3B6-91FC-0F5D-E42C-3354DC52D4DE}"
EndProject
Project("{FAE04EC0-301F-11D3-BF4B-00C04F79EFBC}") = "Unity.2D.SpriteShape.Runtime", "Unity.2D.SpriteShape.Runtime.Player.csproj", "{ACC5F3F2-DADD-BE3E-3EB1-E21DBB3BE6B5}"
EndProject
Project("{FAE04EC0-301F-11D3-BF4B-00C04F79EFBC}") = "Unity.2D.PixelPerfect", "Unity.2D.PixelPerfect.Player.csproj", "{891DC180-77CF-B775-7940-B46F321FAC09}"
EndProject
Project("{FAE04EC0-301F-11D3-BF4B-00C04F79EFBC}") = "Unity.2D.Common.Runtime", "Unity.2D.Common.Runtime.Player.csproj", "{E0828463-F6A4-7403-C7D4-B5280B8FA0A5}"
EndProject
Project("{FAE04EC0-301F-11D3-BF4B-00C04F79EFBC}") = "Unity.InternalAPIEngineBridge.001", "Unity.InternalAPIEngineBridge.001.Player.csproj", "{6A503F3B-FB74-0DE1-2CA6-4DFC4E932F0D}"
EndProject
Global
	GlobalSection(SolutionConfigurationPlatforms) = preSolution
		Debug|Any CPU = Debug|Any CPU
		Release|Any CPU = Release|Any CPU
	EndGlobalSection
	GlobalSection(ProjectConfigurationPlatforms) = postSolution
		{36D4C210-740C-FE2B-FA7F-B7D960A1001B}.Debug|Any CPU.ActiveCfg = Debug|Any CPU
		{36D4C210-740C-FE2B-FA7F-B7D960A1001B}.Debug|Any CPU.Build.0 = Debug|Any CPU
		{36D4C210-740C-FE2B-FA7F-B7D960A1001B}.Release|Any CPU.ActiveCfg = Release|Any CPU
		{36D4C210-740C-FE2B-FA7F-B7D960A1001B}.Release|Any CPU.Build.0 = Release|Any CPU
		{A2AF22FD-B32F-CB97-50B2-3D8E9F60041D}.Debug|Any CPU.ActiveCfg = Debug|Any CPU
		{A2AF22FD-B32F-CB97-50B2-3D8E9F60041D}.Debug|Any CPU.Build.0 = Debug|Any CPU
		{A2AF22FD-B32F-CB97-50B2-3D8E9F60041D}.Release|Any CPU.ActiveCfg = Release|Any CPU
		{A2AF22FD-B32F-CB97-50B2-3D8E9F60041D}.Release|Any CPU.Build.0 = Release|Any CPU
		{A9EF17DA-36E7-D286-64DC-85102CB887AA}.Debug|Any CPU.ActiveCfg = Debug|Any CPU
		{A9EF17DA-36E7-D286-64DC-85102CB887AA}.Debug|Any CPU.Build.0 = Debug|Any CPU
		{A9EF17DA-36E7-D286-64DC-85102CB887AA}.Release|Any CPU.ActiveCfg = Release|Any CPU
		{A9EF17DA-36E7-D286-64DC-85102CB887AA}.Release|Any CPU.Build.0 = Release|Any CPU
		{0542C4FA-E227-925E-3FD5-171081771FBD}.Debug|Any CPU.ActiveCfg = Debug|Any CPU
		{0542C4FA-E227-925E-3FD5-171081771FBD}.Debug|Any CPU.Build.0 = Debug|Any CPU
		{0542C4FA-E227-925E-3FD5-171081771FBD}.Release|Any CPU.ActiveCfg = Release|Any CPU
		{0542C4FA-E227-925E-3FD5-171081771FBD}.Release|Any CPU.Build.0 = Release|Any CPU
		{F88F240F-E7DC-FE34-CF40-1B773616CC86}.Debug|Any CPU.ActiveCfg = Debug|Any CPU
		{F88F240F-E7DC-FE34-CF40-1B773616CC86}.Debug|Any CPU.Build.0 = Debug|Any CPU
		{F88F240F-E7DC-FE34-CF40-1B773616CC86}.Release|Any CPU.ActiveCfg = Release|Any CPU
		{F88F240F-E7DC-FE34-CF40-1B773616CC86}.Release|Any CPU.Build.0 = Release|Any CPU
		{A9F9BC29-9E12-E765-EB10-176BB280AF73}.Debug|Any CPU.ActiveCfg = Debug|Any CPU
		{A9F9BC29-9E12-E765-EB10-176BB280AF73}.Debug|Any CPU.Build.0 = Debug|Any CPU
		{A9F9BC29-9E12-E765-EB10-176BB280AF73}.Release|Any CPU.ActiveCfg = Release|Any CPU
		{A9F9BC29-9E12-E765-EB10-176BB280AF73}.Release|Any CPU.Build.0 = Release|Any CPU
		{F96A3F3C-35C5-06B4-B215-DD55A1891FFC}.Debug|Any CPU.ActiveCfg = Debug|Any CPU
		{F96A3F3C-35C5-06B4-B215-DD55A1891FFC}.Debug|Any CPU.Build.0 = Debug|Any CPU
		{F96A3F3C-35C5-06B4-B215-DD55A1891FFC}.Release|Any CPU.ActiveCfg = Release|Any CPU
		{F96A3F3C-35C5-06B4-B215-DD55A1891FFC}.Release|Any CPU.Build.0 = Release|Any CPU
		{AB7C6F85-7A13-781C-2486-B6FFB9AA175E}.Debug|Any CPU.ActiveCfg = Debug|Any CPU
		{AB7C6F85-7A13-781C-2486-B6FFB9AA175E}.Debug|Any CPU.Build.0 = Debug|Any CPU
		{AB7C6F85-7A13-781C-2486-B6FFB9AA175E}.Release|Any CPU.ActiveCfg = Release|Any CPU
		{AB7C6F85-7A13-781C-2486-B6FFB9AA175E}.Release|Any CPU.Build.0 = Release|Any CPU
		{C941D007-FCA0-1537-912A-8B994A5722F2}.Debug|Any CPU.ActiveCfg = Debug|Any CPU
		{C941D007-FCA0-1537-912A-8B994A5722F2}.Debug|Any CPU.Build.0 = Debug|Any CPU
		{C941D007-FCA0-1537-912A-8B994A5722F2}.Release|Any CPU.ActiveCfg = Release|Any CPU
		{C941D007-FCA0-1537-912A-8B994A5722F2}.Release|Any CPU.Build.0 = Release|Any CPU
		{F40D0183-AE3B-9477-F779-014C2450213C}.Debug|Any CPU.ActiveCfg = Debug|Any CPU
		{F40D0183-AE3B-9477-F779-014C2450213C}.Debug|Any CPU.Build.0 = Debug|Any CPU
		{F40D0183-AE3B-9477-F779-014C2450213C}.Release|Any CPU.ActiveCfg = Release|Any CPU
		{F40D0183-AE3B-9477-F779-014C2450213C}.Release|Any CPU.Build.0 = Release|Any CPU
		{1BD572A1-32F8-DF71-BE40-9D735BCF7B5F}.Debug|Any CPU.ActiveCfg = Debug|Any CPU
		{1BD572A1-32F8-DF71-BE40-9D735BCF7B5F}.Debug|Any CPU.Build.0 = Debug|Any CPU
		{1BD572A1-32F8-DF71-BE40-9D735BCF7B5F}.Release|Any CPU.ActiveCfg = Release|Any CPU
		{1BD572A1-32F8-DF71-BE40-9D735BCF7B5F}.Release|Any CPU.Build.0 = Release|Any CPU
		{32B10288-6B2B-EEFA-6260-3750CBF27922}.Debug|Any CPU.ActiveCfg = Debug|Any CPU
		{32B10288-6B2B-EEFA-6260-3750CBF27922}.Debug|Any CPU.Build.0 = Debug|Any CPU
		{32B10288-6B2B-EEFA-6260-3750CBF27922}.Release|Any CPU.ActiveCfg = Release|Any CPU
		{32B10288-6B2B-EEFA-6260-3750CBF27922}.Release|Any CPU.Build.0 = Release|Any CPU
		{85BB5DB9-54D2-C980-DE9E-B58242904CD5}.Debug|Any CPU.ActiveCfg = Debug|Any CPU
		{85BB5DB9-54D2-C980-DE9E-B58242904CD5}.Debug|Any CPU.Build.0 = Debug|Any CPU
		{85BB5DB9-54D2-C980-DE9E-B58242904CD5}.Release|Any CPU.ActiveCfg = Release|Any CPU
		{85BB5DB9-54D2-C980-DE9E-B58242904CD5}.Release|Any CPU.Build.0 = Release|Any CPU
		{02D10C2F-8BE1-B332-520B-7740671943C5}.Debug|Any CPU.ActiveCfg = Debug|Any CPU
		{02D10C2F-8BE1-B332-520B-7740671943C5}.Debug|Any CPU.Build.0 = Debug|Any CPU
		{02D10C2F-8BE1-B332-520B-7740671943C5}.Release|Any CPU.ActiveCfg = Release|Any CPU
		{02D10C2F-8BE1-B332-520B-7740671943C5}.Release|Any CPU.Build.0 = Release|Any CPU
		{0E095513-5B80-6960-AD7F-AF21802A3529}.Debug|Any CPU.ActiveCfg = Debug|Any CPU
		{0E095513-5B80-6960-AD7F-AF21802A3529}.Debug|Any CPU.Build.0 = Debug|Any CPU
		{0E095513-5B80-6960-AD7F-AF21802A3529}.Release|Any CPU.ActiveCfg = Release|Any CPU
		{0E095513-5B80-6960-AD7F-AF21802A3529}.Release|Any CPU.Build.0 = Release|Any CPU
		{21A57A63-A6F9-5898-5601-2464668356F0}.Debug|Any CPU.ActiveCfg = Debug|Any CPU
		{21A57A63-A6F9-5898-5601-2464668356F0}.Debug|Any CPU.Build.0 = Debug|Any CPU
		{21A57A63-A6F9-5898-5601-2464668356F0}.Release|Any CPU.ActiveCfg = Release|Any CPU
		{21A57A63-A6F9-5898-5601-2464668356F0}.Release|Any CPU.Build.0 = Release|Any CPU
		{AEA67F33-5A2F-FCF8-6BA6-051138490920}.Debug|Any CPU.ActiveCfg = Debug|Any CPU
		{AEA67F33-5A2F-FCF8-6BA6-051138490920}.Debug|Any CPU.Build.0 = Debug|Any CPU
		{AEA67F33-5A2F-FCF8-6BA6-051138490920}.Release|Any CPU.ActiveCfg = Release|Any CPU
		{AEA67F33-5A2F-FCF8-6BA6-051138490920}.Release|Any CPU.Build.0 = Release|Any CPU
		{4C05BF0D-B044-D1D1-E5FC-8EB89936F5B9}.Debug|Any CPU.ActiveCfg = Debug|Any CPU
		{4C05BF0D-B044-D1D1-E5FC-8EB89936F5B9}.Debug|Any CPU.Build.0 = Debug|Any CPU
		{4C05BF0D-B044-D1D1-E5FC-8EB89936F5B9}.Release|Any CPU.ActiveCfg = Release|Any CPU
		{4C05BF0D-B044-D1D1-E5FC-8EB89936F5B9}.Release|Any CPU.Build.0 = Release|Any CPU
		{3E2C0BF4-0EFC-2909-EA07-96EC854F228B}.Debug|Any CPU.ActiveCfg = Debug|Any CPU
		{3E2C0BF4-0EFC-2909-EA07-96EC854F228B}.Debug|Any CPU.Build.0 = Debug|Any CPU
		{3E2C0BF4-0EFC-2909-EA07-96EC854F228B}.Release|Any CPU.ActiveCfg = Release|Any CPU
		{3E2C0BF4-0EFC-2909-EA07-96EC854F228B}.Release|Any CPU.Build.0 = Release|Any CPU
		{DC59D2EB-1AF9-B2BF-6F38-381829C0CB4F}.Debug|Any CPU.ActiveCfg = Debug|Any CPU
		{DC59D2EB-1AF9-B2BF-6F38-381829C0CB4F}.Debug|Any CPU.Build.0 = Debug|Any CPU
		{DC59D2EB-1AF9-B2BF-6F38-381829C0CB4F}.Release|Any CPU.ActiveCfg = Release|Any CPU
		{DC59D2EB-1AF9-B2BF-6F38-381829C0CB4F}.Release|Any CPU.Build.0 = Release|Any CPU
		{9249AFE1-2569-9F37-4CF8-65CFACA05E2C}.Debug|Any CPU.ActiveCfg = Debug|Any CPU
		{9249AFE1-2569-9F37-4CF8-65CFACA05E2C}.Debug|Any CPU.Build.0 = Debug|Any CPU
		{9249AFE1-2569-9F37-4CF8-65CFACA05E2C}.Release|Any CPU.ActiveCfg = Release|Any CPU
		{9249AFE1-2569-9F37-4CF8-65CFACA05E2C}.Release|Any CPU.Build.0 = Release|Any CPU
		{27EDD211-73A6-8CF7-3837-19E38D86CC6C}.Debug|Any CPU.ActiveCfg = Debug|Any CPU
		{27EDD211-73A6-8CF7-3837-19E38D86CC6C}.Debug|Any CPU.Build.0 = Debug|Any CPU
		{27EDD211-73A6-8CF7-3837-19E38D86CC6C}.Release|Any CPU.ActiveCfg = Release|Any CPU
		{27EDD211-73A6-8CF7-3837-19E38D86CC6C}.Release|Any CPU.Build.0 = Release|Any CPU
		{939E6115-8842-AE8D-C210-744EAF9E56E0}.Debug|Any CPU.ActiveCfg = Debug|Any CPU
		{939E6115-8842-AE8D-C210-744EAF9E56E0}.Debug|Any CPU.Build.0 = Debug|Any CPU
		{939E6115-8842-AE8D-C210-744EAF9E56E0}.Release|Any CPU.ActiveCfg = Release|Any CPU
		{939E6115-8842-AE8D-C210-744EAF9E56E0}.Release|Any CPU.Build.0 = Release|Any CPU
		{3F0F37DA-40C7-70E3-EC45-633FAA22F895}.Debug|Any CPU.ActiveCfg = Debug|Any CPU
		{3F0F37DA-40C7-70E3-EC45-633FAA22F895}.Debug|Any CPU.Build.0 = Debug|Any CPU
		{3F0F37DA-40C7-70E3-EC45-633FAA22F895}.Release|Any CPU.ActiveCfg = Release|Any CPU
		{3F0F37DA-40C7-70E3-EC45-633FAA22F895}.Release|Any CPU.Build.0 = Release|Any CPU
		{3F4850C7-7F76-68AE-3826-B37B58CD138C}.Debug|Any CPU.ActiveCfg = Debug|Any CPU
		{3F4850C7-7F76-68AE-3826-B37B58CD138C}.Debug|Any CPU.Build.0 = Debug|Any CPU
		{3F4850C7-7F76-68AE-3826-B37B58CD138C}.Release|Any CPU.ActiveCfg = Release|Any CPU
		{3F4850C7-7F76-68AE-3826-B37B58CD138C}.Release|Any CPU.Build.0 = Release|Any CPU
		{8DD74CB0-BFD9-40BC-6688-E01F98DF7512}.Debug|Any CPU.ActiveCfg = Debug|Any CPU
		{8DD74CB0-BFD9-40BC-6688-E01F98DF7512}.Debug|Any CPU.Build.0 = Debug|Any CPU
		{8DD74CB0-BFD9-40BC-6688-E01F98DF7512}.Release|Any CPU.ActiveCfg = Release|Any CPU
		{8DD74CB0-BFD9-40BC-6688-E01F98DF7512}.Release|Any CPU.Build.0 = Release|Any CPU
		{B9C81A31-73A0-998D-36F8-47FCA691CEB7}.Debug|Any CPU.ActiveCfg = Debug|Any CPU
		{B9C81A31-73A0-998D-36F8-47FCA691CEB7}.Debug|Any CPU.Build.0 = Debug|Any CPU
		{B9C81A31-73A0-998D-36F8-47FCA691CEB7}.Release|Any CPU.ActiveCfg = Release|Any CPU
		{B9C81A31-73A0-998D-36F8-47FCA691CEB7}.Release|Any CPU.Build.0 = Release|Any CPU
		{9BB77E47-B316-14A3-42B0-F173D4EBD757}.Debug|Any CPU.ActiveCfg = Debug|Any CPU
		{9BB77E47-B316-14A3-42B0-F173D4EBD757}.Debug|Any CPU.Build.0 = Debug|Any CPU
		{9BB77E47-B316-14A3-42B0-F173D4EBD757}.Release|Any CPU.ActiveCfg = Release|Any CPU
		{9BB77E47-B316-14A3-42B0-F173D4EBD757}.Release|Any CPU.Build.0 = Release|Any CPU
		{A250DB74-3D1D-50DE-3295-2A29D2EB7868}.Debug|Any CPU.ActiveCfg = Debug|Any CPU
		{A250DB74-3D1D-50DE-3295-2A29D2EB7868}.Debug|Any CPU.Build.0 = Debug|Any CPU
		{A250DB74-3D1D-50DE-3295-2A29D2EB7868}.Release|Any CPU.ActiveCfg = Release|Any CPU
		{A250DB74-3D1D-50DE-3295-2A29D2EB7868}.Release|Any CPU.Build.0 = Release|Any CPU
		{EED161FB-BFE5-810E-5ED4-07233E89E7F7}.Debug|Any CPU.ActiveCfg = Debug|Any CPU
		{EED161FB-BFE5-810E-5ED4-07233E89E7F7}.Debug|Any CPU.Build.0 = Debug|Any CPU
		{EED161FB-BFE5-810E-5ED4-07233E89E7F7}.Release|Any CPU.ActiveCfg = Release|Any CPU
		{EED161FB-BFE5-810E-5ED4-07233E89E7F7}.Release|Any CPU.Build.0 = Release|Any CPU
		{0A87E498-9861-9824-63B6-93E21DAE605D}.Debug|Any CPU.ActiveCfg = Debug|Any CPU
		{0A87E498-9861-9824-63B6-93E21DAE605D}.Debug|Any CPU.Build.0 = Debug|Any CPU
		{0A87E498-9861-9824-63B6-93E21DAE605D}.Release|Any CPU.ActiveCfg = Release|Any CPU
		{0A87E498-9861-9824-63B6-93E21DAE605D}.Release|Any CPU.Build.0 = Release|Any CPU
		{ECEB55D1-427B-1262-FF3E-8757CEB61DE5}.Debug|Any CPU.ActiveCfg = Debug|Any CPU
		{ECEB55D1-427B-1262-FF3E-8757CEB61DE5}.Debug|Any CPU.Build.0 = Debug|Any CPU
		{ECEB55D1-427B-1262-FF3E-8757CEB61DE5}.Release|Any CPU.ActiveCfg = Release|Any CPU
		{ECEB55D1-427B-1262-FF3E-8757CEB61DE5}.Release|Any CPU.Build.0 = Release|Any CPU
		{CCEC1BE4-C625-42DB-A3AD-C46941041262}.Debug|Any CPU.ActiveCfg = Debug|Any CPU
		{CCEC1BE4-C625-42DB-A3AD-C46941041262}.Debug|Any CPU.Build.0 = Debug|Any CPU
		{CCEC1BE4-C625-42DB-A3AD-C46941041262}.Release|Any CPU.ActiveCfg = Release|Any CPU
		{CCEC1BE4-C625-42DB-A3AD-C46941041262}.Release|Any CPU.Build.0 = Release|Any CPU
		{06939967-C486-E630-E2FC-18ECF1CA38C3}.Debug|Any CPU.ActiveCfg = Debug|Any CPU
		{06939967-C486-E630-E2FC-18ECF1CA38C3}.Debug|Any CPU.Build.0 = Debug|Any CPU
		{06939967-C486-E630-E2FC-18ECF1CA38C3}.Release|Any CPU.ActiveCfg = Release|Any CPU
		{06939967-C486-E630-E2FC-18ECF1CA38C3}.Release|Any CPU.Build.0 = Release|Any CPU
		{AF434957-C714-BFE2-8337-DFF99A8A665B}.Debug|Any CPU.ActiveCfg = Debug|Any CPU
		{AF434957-C714-BFE2-8337-DFF99A8A665B}.Debug|Any CPU.Build.0 = Debug|Any CPU
		{AF434957-C714-BFE2-8337-DFF99A8A665B}.Release|Any CPU.ActiveCfg = Release|Any CPU
		{AF434957-C714-BFE2-8337-DFF99A8A665B}.Release|Any CPU.Build.0 = Release|Any CPU
		{DE7EEFB7-EE8C-3B57-C362-C644264208ED}.Debug|Any CPU.ActiveCfg = Debug|Any CPU
		{DE7EEFB7-EE8C-3B57-C362-C644264208ED}.Debug|Any CPU.Build.0 = Debug|Any CPU
		{DE7EEFB7-EE8C-3B57-C362-C644264208ED}.Release|Any CPU.ActiveCfg = Release|Any CPU
		{DE7EEFB7-EE8C-3B57-C362-C644264208ED}.Release|Any CPU.Build.0 = Release|Any CPU
		{58BE7FDF-07F1-BCC9-E17F-4C1DACDBC4D0}.Debug|Any CPU.ActiveCfg = Debug|Any CPU
		{58BE7FDF-07F1-BCC9-E17F-4C1DACDBC4D0}.Debug|Any CPU.Build.0 = Debug|Any CPU
		{58BE7FDF-07F1-BCC9-E17F-4C1DACDBC4D0}.Release|Any CPU.ActiveCfg = Release|Any CPU
		{58BE7FDF-07F1-BCC9-E17F-4C1DACDBC4D0}.Release|Any CPU.Build.0 = Release|Any CPU
		{AA1E58C3-21BB-5FB0-9D62-EEE2284A7B9F}.Debug|Any CPU.ActiveCfg = Debug|Any CPU
		{AA1E58C3-21BB-5FB0-9D62-EEE2284A7B9F}.Debug|Any CPU.Build.0 = Debug|Any CPU
		{AA1E58C3-21BB-5FB0-9D62-EEE2284A7B9F}.Release|Any CPU.ActiveCfg = Release|Any CPU
		{AA1E58C3-21BB-5FB0-9D62-EEE2284A7B9F}.Release|Any CPU.Build.0 = Release|Any CPU
		{1CE52608-7EE5-336E-B754-2EA464DBE56D}.Debug|Any CPU.ActiveCfg = Debug|Any CPU
		{1CE52608-7EE5-336E-B754-2EA464DBE56D}.Debug|Any CPU.Build.0 = Debug|Any CPU
		{1CE52608-7EE5-336E-B754-2EA464DBE56D}.Release|Any CPU.ActiveCfg = Release|Any CPU
		{1CE52608-7EE5-336E-B754-2EA464DBE56D}.Release|Any CPU.Build.0 = Release|Any CPU
		{749F8866-9122-E470-56BE-ACAC69409524}.Debug|Any CPU.ActiveCfg = Debug|Any CPU
		{749F8866-9122-E470-56BE-ACAC69409524}.Debug|Any CPU.Build.0 = Debug|Any CPU
		{749F8866-9122-E470-56BE-ACAC69409524}.Release|Any CPU.ActiveCfg = Release|Any CPU
		{749F8866-9122-E470-56BE-ACAC69409524}.Release|Any CPU.Build.0 = Release|Any CPU
		{AE477C2B-6371-9FF8-DBCA-F2E47AE19D88}.Debug|Any CPU.ActiveCfg = Debug|Any CPU
		{AE477C2B-6371-9FF8-DBCA-F2E47AE19D88}.Debug|Any CPU.Build.0 = Debug|Any CPU
		{AE477C2B-6371-9FF8-DBCA-F2E47AE19D88}.Release|Any CPU.ActiveCfg = Release|Any CPU
		{AE477C2B-6371-9FF8-DBCA-F2E47AE19D88}.Release|Any CPU.Build.0 = Release|Any CPU
		{777ED3B6-91FC-0F5D-E42C-3354DC52D4DE}.Debug|Any CPU.ActiveCfg = Debug|Any CPU
		{777ED3B6-91FC-0F5D-E42C-3354DC52D4DE}.Debug|Any CPU.Build.0 = Debug|Any CPU
		{777ED3B6-91FC-0F5D-E42C-3354DC52D4DE}.Release|Any CPU.ActiveCfg = Release|Any CPU
		{777ED3B6-91FC-0F5D-E42C-3354DC52D4DE}.Release|Any CPU.Build.0 = Release|Any CPU
		{ACC5F3F2-DADD-BE3E-3EB1-E21DBB3BE6B5}.Debug|Any CPU.ActiveCfg = Debug|Any CPU
		{ACC5F3F2-DADD-BE3E-3EB1-E21DBB3BE6B5}.Debug|Any CPU.Build.0 = Debug|Any CPU
		{ACC5F3F2-DADD-BE3E-3EB1-E21DBB3BE6B5}.Release|Any CPU.ActiveCfg = Release|Any CPU
		{ACC5F3F2-DADD-BE3E-3EB1-E21DBB3BE6B5}.Release|Any CPU.Build.0 = Release|Any CPU
		{891DC180-77CF-B775-7940-B46F321FAC09}.Debug|Any CPU.ActiveCfg = Debug|Any CPU
		{891DC180-77CF-B775-7940-B46F321FAC09}.Debug|Any CPU.Build.0 = Debug|Any CPU
		{891DC180-77CF-B775-7940-B46F321FAC09}.Release|Any CPU.ActiveCfg = Release|Any CPU
		{891DC180-77CF-B775-7940-B46F321FAC09}.Release|Any CPU.Build.0 = Release|Any CPU
		{E0828463-F6A4-7403-C7D4-B5280B8FA0A5}.Debug|Any CPU.ActiveCfg = Debug|Any CPU
		{E0828463-F6A4-7403-C7D4-B5280B8FA0A5}.Debug|Any CPU.Build.0 = Debug|Any CPU
		{E0828463-F6A4-7403-C7D4-B5280B8FA0A5}.Release|Any CPU.ActiveCfg = Release|Any CPU
		{E0828463-F6A4-7403-C7D4-B5280B8FA0A5}.Release|Any CPU.Build.0 = Release|Any CPU
		{6A503F3B-FB74-0DE1-2CA6-4DFC4E932F0D}.Debug|Any CPU.ActiveCfg = Debug|Any CPU
		{6A503F3B-FB74-0DE1-2CA6-4DFC4E932F0D}.Debug|Any CPU.Build.0 = Debug|Any CPU
		{6A503F3B-FB74-0DE1-2CA6-4DFC4E932F0D}.Release|Any CPU.ActiveCfg = Release|Any CPU
		{6A503F3B-FB74-0DE1-2CA6-4DFC4E932F0D}.Release|Any CPU.Build.0 = Release|Any CPU
	EndGlobalSection
	GlobalSection(SolutionProperties) = preSolution
		HideSolutionNode = FALSE
	EndGlobalSection
EndGlobal
